Microsoft Visual Studio Solution File, Format Version 12.00
# Visual Studio Version 17
VisualStudioVersion = 17.5.2.0
MinimumVisualStudioVersion = 10.0.40219.1
Project("{FAE04EC0-301F-11D3-BF4B-00C04F79EFBC}") = "CSharpFinal", "CSharpFinal.csproj", "{658A85FF-76BF-56D7-3C6C-4E52AB989FFE}"
EndProject
Global
	GlobalSection(SolutionConfigurationPlatforms) = preSolution
		Debug|Any CPU = Debug|Any CPU
		Release|Any CPU = Release|Any CPU
	EndGlobalSection
	GlobalSection(ProjectConfigurationPlatforms) = postSolution
		{658A85FF-76BF-56D7-3C6C-4E52AB989FFE}.Debug|Any CPU.ActiveCfg = Debug|Any CPU
		{658A85FF-76BF-56D7-3C6C-4E52AB989FFE}.Debug|Any CPU.Build.0 = Debug|Any CPU
		{658A85FF-76BF-56D7-3C6C-4E52AB989FFE}.Release|Any CPU.ActiveCfg = Release|Any CPU
		{658A85FF-76BF-56D7-3C6C-4E52AB989FFE}.Release|Any CPU.Build.0 = Release|Any CPU
	EndGlobalSection
	GlobalSection(SolutionProperties) = preSolution
		HideSolutionNode = FALSE
	EndGlobalSection
	GlobalSection(ExtensibilityGlobals) = postSolution
		SolutionGuid = {80E7D7C5-59A0-45D5-BD49-34CDEC40A099}
	EndGlobalSection
EndGlobal
